
Microsoft Visual Studio Solution File, Format Version 12.00
# Visual Studio Version 17
VisualStudioVersion = 17.9.34616.47
MinimumVisualStudioVersion = 10.0.40219.1
Project("{FAE04EC0-301F-11D3-BF4B-00C04F79EFBC}") = "OrderBot", "OrderBot\OrderBot.csproj", "{03C6AAF7-3EE2-4855-938A-228FCB92E67A}"
EndProject
Global
	GlobalSection(SolutionConfigurationPlatforms) = preSolution
		Debug|Any CPU = Debug|Any CPU
		Release|Any CPU = Release|Any CPU
	EndGlobalSection
	GlobalSection(ProjectConfigurationPlatforms) = postSolution
		{03C6AAF7-3EE2-4855-938A-228FCB92E67A}.Debug|Any CPU.ActiveCfg = Debug|Any CPU
		{03C6AAF7-3EE2-4855-938A-228FCB92E67A}.Debug|Any CPU.Build.0 = Debug|Any CPU
		{03C6AAF7-3EE2-4855-938A-228FCB92E67A}.Release|Any CPU.ActiveCfg = Release|Any CPU
		{03C6AAF7-3EE2-4855-938A-228FCB92E67A}.Release|Any CPU.Build.0 = Release|Any CPU
	EndGlobalSection
	GlobalSection(SolutionProperties) = preSolution
		HideSolutionNode = FALSE
	EndGlobalSection
	GlobalSection(ExtensibilityGlobals) = postSolution
		SolutionGuid = {8FC67194-E644-477F-9837-4BE3D75C0723}
	EndGlobalSection
EndGlobal
